
Microsoft Visual Studio Solution File, Format Version 12.00
# Visual Studio 15
VisualStudioVersion = 15.0.28010.2041
MinimumVisualStudioVersion = 10.0.40219.1
Project("{FAE04EC0-301F-11D3-BF4B-00C04F79EFBC}") = "MvcMovie", "MvcMovie\MvcMovie.csproj", "{5B29A665-6E9D-4DAA-90A6-4B4C9542326F}"
EndProject
Global
	GlobalSection(SolutionConfigurationPlatforms) = preSolution
		Debug|Any CPU = Debug|Any CPU
		Release|Any CPU = Release|Any CPU
	EndGlobalSection
	GlobalSection(ProjectConfigurationPlatforms) = postSolution
		{5B29A665-6E9D-4DAA-90A6-4B4C9542326F}.Debug|Any CPU.ActiveCfg = Debug|Any CPU
		{5B29A665-6E9D-4DAA-90A6-4B4C9542326F}.Debug|Any CPU.Build.0 = Debug|Any CPU
		{5B29A665-6E9D-4DAA-90A6-4B4C9542326F}.Release|Any CPU.ActiveCfg = Release|Any CPU
		{5B29A665-6E9D-4DAA-90A6-4B4C9542326F}.Release|Any CPU.Build.0 = Release|Any CPU
	EndGlobalSection
	GlobalSection(SolutionProperties) = preSolution
		HideSolutionNode = FALSE
	EndGlobalSection
	GlobalSection(ExtensibilityGlobals) = postSolution
		SolutionGuid = {86F70C38-B0FE-42E7-8626-F1A54633FEC1}
	EndGlobalSection
EndGlobal
